
Microsoft Visual Studio Solution File, Format Version 12.00
# Visual Studio 15
VisualStudioVersion = 15.0.28307.489
MinimumVisualStudioVersion = 10.0.40219.1
Project("{FAE04EC0-301F-11D3-BF4B-00C04F79EFBC}") = "aspnetcore", "aspnetcore\aspnetcore.csproj", "{C8A20C60-26B7-4ED7-881A-AD7076251957}"
EndProject
Global
	GlobalSection(SolutionConfigurationPlatforms) = preSolution
		Debug|Any CPU = Debug|Any CPU
		Release|Any CPU = Release|Any CPU
	EndGlobalSection
	GlobalSection(ProjectConfigurationPlatforms) = postSolution
		{C8A20C60-26B7-4ED7-881A-AD7076251957}.Debug|Any CPU.ActiveCfg = Debug|Any CPU
		{C8A20C60-26B7-4ED7-881A-AD7076251957}.Debug|Any CPU.Build.0 = Debug|Any CPU
		{C8A20C60-26B7-4ED7-881A-AD7076251957}.Release|Any CPU.ActiveCfg = Release|Any CPU
		{C8A20C60-26B7-4ED7-881A-AD7076251957}.Release|Any CPU.Build.0 = Release|Any CPU
	EndGlobalSection
	GlobalSection(SolutionProperties) = preSolution
		HideSolutionNode = FALSE
	EndGlobalSection
	GlobalSection(ExtensibilityGlobals) = postSolution
		SolutionGuid = {D0617EF5-49FC-4F17-B1C9-2867EE675679}
	EndGlobalSection
EndGlobal
